<?xml version="1.0" encoding="utf-8"?>
<Project ToolsVersion="4.0" xmlns="http://schemas.microsoft.com/developer/msbuild/2003">
  <ItemGroup>
    <Filter Include="소스 파일">
      <UniqueIdentifier>{4FC737F1-C7A5-4376-A066-2A32D752A2FF}</UniqueIdentifier>
      <Extensions>cpp;c;cc;cxx;c++;cppm;ixx;def;odl;idl;hpj;bat;asm;asmx</Extensions>
    </Filter>
    <Filter Include="헤더 파일">
      <UniqueIdentifier>{93995380-89BD-4b04-88EB-625FBE52EBFB}</UniqueIdentifier>
      <Extensions>h;hh;hpp;hxx;h++;hm;inl;inc;ipp;xsd</Extensions>
    </Filter>
    <Filter Include="리소스 파일">
      <UniqueIdentifier>{67DA6AB6-F800-4c08-8B7A-83BB121AAD01}</UniqueIdentifier>
      <Extensions>rc;ico;cur;bmp;dlg;rc2;rct;bin;rgs;gif;jpg;jpeg;jpe;resx;tiff;tif;png;wav;mfcribbon-ms</Extensions>
    </Filter>
    <Filter Include="소스 파일\Main">
      <UniqueIdentifier>{50dcd7e1-a771-47ee-9dcb-4f31ff540c5c}</UniqueIdentifier>
    </Filter>
    <Filter Include="헤더 파일\Main">
      <UniqueIdentifier>{5a04a7f7-fe45-4020-81f5-f34af489abc8}</UniqueIdentifier>
    </Filter>
    <Filter Include="소스 파일\Core">
      <UniqueIdentifier>{fce47c01-9539-4408-8562-61a38afa87a3}</UniqueIdentifier>
    </Filter>
    <Filter Include="헤더 파일\Core">
      <UniqueIdentifier>{6320a4d5-5992-46cc-81fb-d64e646ef054}</UniqueIdentifier>
    </Filter>
    <Filter Include="소스 파일\Graphics">
      <UniqueIdentifier>{00083153-9034-4ed8-bb7a-9001031eca1c}</UniqueIdentifier>
    </Filter>
    <Filter Include="헤더 파일\Graphics">
      <UniqueIdentifier>{f6866bd9-15c0-4b3c-a5d5-d410696894b4}</UniqueIdentifier>
    </Filter>
    <Filter Include="헤더 파일\DebugTools">
      <UniqueIdentifier>{ecf7bf2e-0802-4be7-84c0-a4549eb3944f}</UniqueIdentifier>
    </Filter>
    <Filter Include="소스 파일\DebugTools">
      <UniqueIdentifier>{265460ad-4ca9-4c51-b3a8-1017a9502ff3}</UniqueIdentifier>
    </Filter>
    <Filter Include="소스 파일\Synchronization">
      <UniqueIdentifier>{1fae6040-c3b2-477a-8733-69add90339fa}</UniqueIdentifier>
    </Filter>
    <Filter Include="헤더 파일\Synchronization">
      <UniqueIdentifier>{cadd4f26-99b8-44b0-8b18-96e918007ca3}</UniqueIdentifier>
    </Filter>
    <Filter Include="소스 파일\Scene">
      <UniqueIdentifier>{806461d6-834f-4bfc-a1d0-acae661f9df7}</UniqueIdentifier>
    </Filter>
    <Filter Include="헤더 파일\Scene">
      <UniqueIdentifier>{9d98d472-7fb8-4ec0-94dc-5df10ccd9e00}</UniqueIdentifier>
    </Filter>
    <Filter Include="소스 파일\MultiThread">
      <UniqueIdentifier>{040548f6-5b45-41f1-8e50-033f35ac3f4d}</UniqueIdentifier>
    </Filter>
    <Filter Include="헤더 파일\MultiThread">
      <UniqueIdentifier>{f8b6e762-93d0-4e3b-931e-eee496341de9}</UniqueIdentifier>
    </Filter>
  </ItemGroup>
  <ItemGroup>
    <ClInclude Include="targetver.h">
      <Filter>헤더 파일\Main</Filter>
    </ClInclude>
    <ClInclude Include="DirectX12Project_Client.h">
      <Filter>헤더 파일\Main</Filter>
    </ClInclude>
    <ClInclude Include="Resource.h">
      <Filter>헤더 파일\Main</Filter>
    </ClInclude>
    <ClInclude Include="stdafx.h">
      <Filter>헤더 파일\Main</Filter>
    </ClInclude>
    <ClInclude Include="Core\DeviceManager.h">
      <Filter>헤더 파일\Core</Filter>
    </ClInclude>
    <ClInclude Include="Core\CommandManager.h">
      <Filter>헤더 파일\Core</Filter>
    </ClInclude>
    <ClInclude Include="Graphics\SwapChainManager.h">
      <Filter>헤더 파일\Graphics</Filter>
    </ClInclude>
    <ClInclude Include="DebugTools\ThrowIfFailed.h">
      <Filter>헤더 파일\DebugTools</Filter>
    </ClInclude>
    <ClInclude Include="Graphics\RenderTargetManager.h">
      <Filter>헤더 파일\Graphics</Filter>
    </ClInclude>
    <ClInclude Include="Synchronization\FenceManager.h">
      <Filter>헤더 파일\Synchronization</Filter>
    </ClInclude>
    <ClInclude Include="Scene\SceneManager.h">
      <Filter>헤더 파일\Scene</Filter>
    </ClInclude>
    <ClInclude Include="MultiThread\ThreadPoolManager.h">
      <Filter>헤더 파일\MultiThread</Filter>
    </ClInclude>
  </ItemGroup>
  <ItemGroup>
    <ResourceCompile Include="DirectX12Project_Client.rc">
      <Filter>리소스 파일</Filter>
    </ResourceCompile>
  </ItemGroup>
  <ItemGroup>
    <Image Include="small.ico">
      <Filter>리소스 파일</Filter>
    </Image>
    <Image Include="DirectX12Project_Client.ico">
      <Filter>리소스 파일</Filter>
    </Image>
  </ItemGroup>
  <ItemGroup>
    <ClCompile Include="DirectX12Project_Client.cpp">
      <Filter>소스 파일\Main</Filter>
    </ClCompile>
    <ClCompile Include="stdafx.cpp">
      <Filter>소스 파일\Main</Filter>
    </ClCompile>
    <ClCompile Include="Core\DeviceManager.cpp">
      <Filter>소스 파일\Core</Filter>
    </ClCompile>
    <ClCompile Include="Core\CommandManager.cpp">
      <Filter>소스 파일\Core</Filter>
    </ClCompile>
    <ClCompile Include="Graphics\SwapChainManager.cpp">
      <Filter>소스 파일\Graphics</Filter>
    </ClCompile>
    <ClCompile Include="Graphics\RenderTargetManager.cpp">
      <Filter>소스 파일\Graphics</Filter>
    </ClCompile>
    <ClCompile Include="Synchronization\FenceManager.cpp">
      <Filter>소스 파일\Synchronization</Filter>
    </ClCompile>
    <ClCompile Include="Scene\SceneManager.cpp">
      <Filter>소스 파일\Scene</Filter>
    </ClCompile>
    <ClCompile Include="MultiThread\ThreadPoolManager.cpp">
      <Filter>소스 파일\MultiThread</Filter>
    </ClCompile>
  </ItemGroup>
</Project>