
Microsoft Visual Studio Solution File, Format Version 12.00
# Visual Studio Version 17
VisualStudioVersion = 17.13.35931.197 d17.13
MinimumVisualStudioVersion = 10.0.40219.1
Project("{8BC9CEB8-8B4A-11D0-8D11-00A0C91BC942}") = "DirectX12Project_Client", "DirectX12Project_Client\DirectX12Project_Client.vcxproj", "{E3D730EC-AABE-42A9-B4C4-0F3BE9AAB485}"
EndProject
Global
	GlobalSection(SolutionConfigurationPlatforms) = preSolution
		Debug|x64 = Debug|x64
		Debug|x86 = Debug|x86
		Release|x64 = Release|x64
		Release|x86 = Release|x86
	EndGlobalSection
	GlobalSection(ProjectConfigurationPlatforms) = postSolution
		{E3D730EC-AABE-42A9-B4C4-0F3BE9AAB485}.Debug|x64.ActiveCfg = Debug|x64
		{E3D730EC-AABE-42A9-B4C4-0F3BE9AAB485}.Debug|x64.Build.0 = Debug|x64
		{E3D730EC-AABE-42A9-B4C4-0F3BE9AAB485}.Debug|x86.ActiveCfg = Debug|Win32
		{E3D730EC-AABE-42A9-B4C4-0F3BE9AAB485}.Debug|x86.Build.0 = Debug|Win32
		{E3D730EC-AABE-42A9-B4C4-0F3BE9AAB485}.Release|x64.ActiveCfg = Release|x64
		{E3D730EC-AABE-42A9-B4C4-0F3BE9AAB485}.Release|x64.Build.0 = Release|x64
		{E3D730EC-AABE-42A9-B4C4-0F3BE9AAB485}.Release|x86.ActiveCfg = Release|Win32
		{E3D730EC-AABE-42A9-B4C4-0F3BE9AAB485}.Release|x86.Build.0 = Release|Win32
	EndGlobalSection
	GlobalSection(SolutionProperties) = preSolution
		HideSolutionNode = FALSE
	EndGlobalSection
	GlobalSection(ExtensibilityGlobals) = postSolution
		SolutionGuid = {D6035DA7-E58B-4261-8CEF-78B562F4626C}
	EndGlobalSection
EndGlobal
